
Microsoft Visual Studio Solution File, Format Version 12.00
# Visual Studio Version 16
VisualStudioVersion = 16.0.31624.102
MinimumVisualStudioVersion = 10.0.40219.1
Project("{2150E333-8FDC-42A3-9474-1A3956D46DE8}") = "Services", "Services", "{EB7B3ABC-654F-43AA-9161-037D0681EB16}"
EndProject
Project("{2150E333-8FDC-42A3-9474-1A3956D46DE8}") = "Catalog", "Catalog", "{03D8B162-B62B-4C1C-81AF-4A8AF08272DE}"
EndProject
Project("{9A19103F-16F7-4668-BE54-9A1E7A4F7556}") = "Catalog.API", "Services\Catalog\Catalog.API\Catalog.API.csproj", "{71F8DD1E-CA9F-4D42-8B55-27A75C65A473}"
EndProject
Project("{E53339B2-1760-4266-BCC7-CA923CBCF16C}") = "docker-compose", "docker-compose.dcproj", "{5DA31397-84B9-4845-BECF-BBD5D8E5DB62}"
EndProject
Project("{2150E333-8FDC-42A3-9474-1A3956D46DE8}") = "Basket", "Basket", "{F93866AD-08EA-493D-B40B-BC655EC8670E}"
EndProject
Project("{FAE04EC0-301F-11D3-BF4B-00C04F79EFBC}") = "Basket.API", "Services\Basket\Basket.API\Basket.API.csproj", "{C8B9ACFA-8C5B-44D7-AAEC-A8F30C7D9074}"
EndProject
Global
	GlobalSection(SolutionConfigurationPlatforms) = preSolution
		Debug|Any CPU = Debug|Any CPU
		Release|Any CPU = Release|Any CPU
	EndGlobalSection
	GlobalSection(ProjectConfigurationPlatforms) = postSolution
		{71F8DD1E-CA9F-4D42-8B55-27A75C65A473}.Debug|Any CPU.ActiveCfg = Debug|Any CPU
		{71F8DD1E-CA9F-4D42-8B55-27A75C65A473}.Debug|Any CPU.Build.0 = Debug|Any CPU
		{71F8DD1E-CA9F-4D42-8B55-27A75C65A473}.Release|Any CPU.ActiveCfg = Release|Any CPU
		{71F8DD1E-CA9F-4D42-8B55-27A75C65A473}.Release|Any CPU.Build.0 = Release|Any CPU
		{5DA31397-84B9-4845-BECF-BBD5D8E5DB62}.Debug|Any CPU.ActiveCfg = Debug|Any CPU
		{5DA31397-84B9-4845-BECF-BBD5D8E5DB62}.Debug|Any CPU.Build.0 = Debug|Any CPU
		{5DA31397-84B9-4845-BECF-BBD5D8E5DB62}.Release|Any CPU.ActiveCfg = Release|Any CPU
		{5DA31397-84B9-4845-BECF-BBD5D8E5DB62}.Release|Any CPU.Build.0 = Release|Any CPU
		{C8B9ACFA-8C5B-44D7-AAEC-A8F30C7D9074}.Debug|Any CPU.ActiveCfg = Debug|Any CPU
		{C8B9ACFA-8C5B-44D7-AAEC-A8F30C7D9074}.Debug|Any CPU.Build.0 = Debug|Any CPU
		{C8B9ACFA-8C5B-44D7-AAEC-A8F30C7D9074}.Release|Any CPU.ActiveCfg = Release|Any CPU
		{C8B9ACFA-8C5B-44D7-AAEC-A8F30C7D9074}.Release|Any CPU.Build.0 = Release|Any CPU
	EndGlobalSection
	GlobalSection(SolutionProperties) = preSolution
		HideSolutionNode = FALSE
	EndGlobalSection
	GlobalSection(NestedProjects) = preSolution
		{03D8B162-B62B-4C1C-81AF-4A8AF08272DE} = {EB7B3ABC-654F-43AA-9161-037D0681EB16}
		{71F8DD1E-CA9F-4D42-8B55-27A75C65A473} = {03D8B162-B62B-4C1C-81AF-4A8AF08272DE}
		{F93866AD-08EA-493D-B40B-BC655EC8670E} = {EB7B3ABC-654F-43AA-9161-037D0681EB16}
		{C8B9ACFA-8C5B-44D7-AAEC-A8F30C7D9074} = {F93866AD-08EA-493D-B40B-BC655EC8670E}
	EndGlobalSection
	GlobalSection(ExtensibilityGlobals) = postSolution
		SolutionGuid = {501CE46F-E029-40C3-ADCF-D6889A187748}
	EndGlobalSection
EndGlobal
